{
  "name": "candles-backup",
  "version": "1.0.0",
  "lockfileVersion": 3,
  "requires": true,
  "packages": {
    "": {
      "name": "candles-backup",
      "version": "1.0.0",
      "license": "ISC",
      "dependencies": {
        "@apla/clickhouse": "^1.6.4",
        "dotenv": "^16.4.5",
        "retry": "^0.13.1"
      }
    },
    "node_modules/@apla/clickhouse": {
      "version": "1.6.4",
      "resolved": "https://registry.npmjs.org/@apla/clickhouse/-/clickhouse-1.6.4.tgz",
      "integrity": "sha512-zOLL/lOaXrk+l8XS8eDGZfqOy1yKwYQirQtHtyrLxAHlJMNRKBosjK2gVUyCZ94fAIpE8lLUZRxFDid2Vmqxnw==",
      "engines": {
        "node": ">=0.10"
      }
    },
    "node_modules/dotenv": {
      "version": "16.4.5",
      "resolved": "https://registry.npmjs.org/dotenv/-/dotenv-16.4.5.tgz",
      "integrity": "sha512-ZmdL2rui+eB2YwhsWzjInR8LldtZHGDoQ1ugH85ppHKwpUHL7j7rN0Ti9NCnGiQbhaZ11FpR+7ao1dNsmduNUg==",
      "engines": {
        "node": ">=12"
      },
      "funding": {
        "url": "https://dotenvx.com"
      }
    },
    "node_modules/retry": {
      "version": "0.13.1",
      "resolved": "https://registry.npmjs.org/retry/-/retry-0.13.1.tgz",
      "integrity": "sha512-XQBQ3I8W1Cge0Seh+6gjj03LbmRFWuoszgK9ooCpwYIrhhoO80pfq4cUkU5DkknwfOfFteRwlZ56PYOGYyFWdg==",
      "engines": {
        "node": ">= 4"
      }
    }
  }
}
